
Microsoft Visual Studio Solution File, Format Version 12.00
# Visual Studio Version 17
VisualStudioVersion = 17.0.31903.59
MinimumVisualStudioVersion = 10.0.40219.1
Project("{FAE04EC0-301F-11D3-BF4B-00C04F79EFBC}") = "Simple Factory Pattern", "Simple Factory Pattern\Simple Factory Pattern.csproj", "{30EC07CD-E290-4418-8B27-B9605172F87B}"
EndProject
Project("{FAE04EC0-301F-11D3-BF4B-00C04F79EFBC}") = "Factory Method", "Factory Method\Factory Method.csproj", "{C54E0CD3-6850-4286-84A7-DD4F2836464F}"
EndProject
Global
	GlobalSection(SolutionConfigurationPlatforms) = preSolution
		Debug|Any CPU = Debug|Any CPU
		Release|Any CPU = Release|Any CPU
	EndGlobalSection
	GlobalSection(ProjectConfigurationPlatforms) = postSolution
		{30EC07CD-E290-4418-8B27-B9605172F87B}.Debug|Any CPU.ActiveCfg = Debug|Any CPU
		{30EC07CD-E290-4418-8B27-B9605172F87B}.Debug|Any CPU.Build.0 = Debug|Any CPU
		{30EC07CD-E290-4418-8B27-B9605172F87B}.Release|Any CPU.ActiveCfg = Release|Any CPU
		{30EC07CD-E290-4418-8B27-B9605172F87B}.Release|Any CPU.Build.0 = Release|Any CPU
		{C54E0CD3-6850-4286-84A7-DD4F2836464F}.Debug|Any CPU.ActiveCfg = Debug|Any CPU
		{C54E0CD3-6850-4286-84A7-DD4F2836464F}.Debug|Any CPU.Build.0 = Debug|Any CPU
		{C54E0CD3-6850-4286-84A7-DD4F2836464F}.Release|Any CPU.ActiveCfg = Release|Any CPU
		{C54E0CD3-6850-4286-84A7-DD4F2836464F}.Release|Any CPU.Build.0 = Release|Any CPU
	EndGlobalSection
	GlobalSection(SolutionProperties) = preSolution
		HideSolutionNode = FALSE
	EndGlobalSection
	GlobalSection(ExtensibilityGlobals) = postSolution
		SolutionGuid = {DB572F19-B601-434A-A932-14A5630F1805}
	EndGlobalSection
EndGlobal
